
Microsoft Visual Studio Solution File, Format Version 12.00
# Visual Studio Version 17
VisualStudioVersion = 17.7.34031.279
MinimumVisualStudioVersion = 10.0.40219.1
Project("{FAE04EC0-301F-11D3-BF4B-00C04F79EFBC}") = "Module9", "Module9\Module9.csproj", "{0E9535AB-48AE-49E8-B53B-EF31AD1B50D6}"
EndProject
Global
	GlobalSection(SolutionConfigurationPlatforms) = preSolution
		Debug|Any CPU = Debug|Any CPU
		Release|Any CPU = Release|Any CPU
	EndGlobalSection
	GlobalSection(ProjectConfigurationPlatforms) = postSolution
		{0E9535AB-48AE-49E8-B53B-EF31AD1B50D6}.Debug|Any CPU.ActiveCfg = Debug|Any CPU
		{0E9535AB-48AE-49E8-B53B-EF31AD1B50D6}.Debug|Any CPU.Build.0 = Debug|Any CPU
		{0E9535AB-48AE-49E8-B53B-EF31AD1B50D6}.Release|Any CPU.ActiveCfg = Release|Any CPU
		{0E9535AB-48AE-49E8-B53B-EF31AD1B50D6}.Release|Any CPU.Build.0 = Release|Any CPU
	EndGlobalSection
	GlobalSection(SolutionProperties) = preSolution
		HideSolutionNode = FALSE
	EndGlobalSection
	GlobalSection(ExtensibilityGlobals) = postSolution
		SolutionGuid = {602F7222-B744-45D7-A9B4-EE097891B021}
	EndGlobalSection
EndGlobal
